
Microsoft Visual Studio Solution File, Format Version 12.00
# Visual Studio Version 16
VisualStudioVersion = 16.0.31005.135
MinimumVisualStudioVersion = 10.0.40219.1
Project("{FAE04EC0-301F-11D3-BF4B-00C04F79EFBC}") = "PicSell", "PicSell\PicSell.csproj", "{BCEBD1DA-2B33-4234-89E1-7B0AA7157398}"
EndProject
Global
	GlobalSection(SolutionConfigurationPlatforms) = preSolution
		Debug|Any CPU = Debug|Any CPU
		Release|Any CPU = Release|Any CPU
	EndGlobalSection
	GlobalSection(ProjectConfigurationPlatforms) = postSolution
		{BCEBD1DA-2B33-4234-89E1-7B0AA7157398}.Debug|Any CPU.ActiveCfg = Debug|Any CPU
		{BCEBD1DA-2B33-4234-89E1-7B0AA7157398}.Debug|Any CPU.Build.0 = Debug|Any CPU
		{BCEBD1DA-2B33-4234-89E1-7B0AA7157398}.Release|Any CPU.ActiveCfg = Release|Any CPU
		{BCEBD1DA-2B33-4234-89E1-7B0AA7157398}.Release|Any CPU.Build.0 = Release|Any CPU
	EndGlobalSection
	GlobalSection(SolutionProperties) = preSolution
		HideSolutionNode = FALSE
	EndGlobalSection
	GlobalSection(ExtensibilityGlobals) = postSolution
		SolutionGuid = {A392C572-533E-40FB-9DD8-B57C3F2C5036}
	EndGlobalSection
EndGlobal
